// !$*UTF8*$!
{
	archiveVersion = 1;
	classes = {
	};
	objectVersion = 46;
	objects = {

/* Begin PBXBuildFile section */
		D60B3DB51E6D71DC0087D9B0 /* AppDelegate.swift in Sources */ = {isa = PBXBuildFile; fileRef = D60B3DB41E6D71DC0087D9B0 /* AppDelegate.swift */; };
		D60B3DB71E6D71DC0087D9B0 /* ViewController.swift in Sources */ = {isa = PBXBuildFile; fileRef = D60B3DB61E6D71DC0087D9B0 /* ViewController.swift */; };
		D60B3DBA1E6D71DC0087D9B0 /* Main.storyboard in Resources */ = {isa = PBXBuildFile; fileRef = D60B3DB81E6D71DC0087D9B0 /* Main.storyboard */; };
		D60B3DBD1E6D71DC0087D9B0 /* FriendTime.xcdatamodeld in Sources */ = {isa = PBXBuildFile; fileRef = D60B3DBB1E6D71DC0087D9B0 /* FriendTime.xcdatamodeld */; };
		D60B3DBF1E6D71DC0087D9B0 /* Assets.xcassets in Resources */ = {isa = PBXBuildFile; fileRef = D60B3DBE1E6D71DC0087D9B0 /* Assets.xcassets */; };
		D60B3DC21E6D71DC0087D9B0 /* LaunchScreen.storyboard in Resources */ = {isa = PBXBuildFile; fileRef = D60B3DC01E6D71DC0087D9B0 /* LaunchScreen.storyboard */; };
		D60B3DD21E6D91010087D9B0 /* AddFriendViewController.swift in Sources */ = {isa = PBXBuildFile; fileRef = D60B3DD11E6D91010087D9B0 /* AddFriendViewController.swift */; };
		D60B3E211E72FA580087D9B0 /* DatabaseController.swift in Sources */ = {isa = PBXBuildFile; fileRef = D60B3E201E72FA580087D9B0 /* DatabaseController.swift */; };
		D60B3E411E730C0F0087D9B0 /* Meeting.swift in Sources */ = {isa = PBXBuildFile; fileRef = D60B3E3D1E730C0F0087D9B0 /* Meeting.swift */; };
		D60B3E421E730C0F0087D9B0 /* Meeting+CoreDataProperties.swift in Sources */ = {isa = PBXBuildFile; fileRef = D60B3E3E1E730C0F0087D9B0 /* Meeting+CoreDataProperties.swift */; };
		D60B3E4A1E730D800087D9B0 /* Friend.swift in Sources */ = {isa = PBXBuildFile; fileRef = D60B3E481E730D800087D9B0 /* Friend.swift */; };
		D60B3E4D1E76E2930087D9B0 /* CustomTableViewCell.swift in Sources */ = {isa = PBXBuildFile; fileRef = D60B3E4C1E76E2930087D9B0 /* CustomTableViewCell.swift */; };
		D60B3E4F1E76E3770087D9B0 /* TableViewController.swift in Sources */ = {isa = PBXBuildFile; fileRef = D60B3E4E1E76E3770087D9B0 /* TableViewController.swift */; };
		D60B3E511E76EE320087D9B0 /* CameraController.swift in Sources */ = {isa = PBXBuildFile; fileRef = D60B3E501E76EE320087D9B0 /* CameraController.swift */; };
		D60B3E631E7983150087D9B0 /* FriendViewController.swift in Sources */ = {isa = PBXBuildFile; fileRef = D60B3E621E7983150087D9B0 /* FriendViewController.swift */; };
		D60B3E691E7987480087D9B0 /* Friend+CoreDataProperties.swift in Sources */ = {isa = PBXBuildFile; fileRef = D60B3E681E7987480087D9B0 /* Friend+CoreDataProperties.swift */; };
		D60B3E6B1E7987F10087D9B0 /* TimerHelper.swift in Sources */ = {isa = PBXBuildFile; fileRef = D60B3E6A1E7987F10087D9B0 /* TimerHelper.swift */; };
/* End PBXBuildFile section */

/* Begin PBXFileReference section */
		D60B3DB11E6D71DC0087D9B0 /* Paltime.app */ = {isa = PBXFileReference; explicitFileType = wrapper.application; includeInIndex = 0; path = Paltime.app; sourceTree = BUILT_PRODUCTS_DIR; };
		D60B3DB41E6D71DC0087D9B0 /* AppDelegate.swift */ = {isa = PBXFileReference; lastKnownFileType = sourcecode.swift; path = AppDelegate.swift; sourceTree = "<group>"; };
		D60B3DB61E6D71DC0087D9B0 /* ViewController.swift */ = {isa = PBXFileReference; lastKnownFileType = sourcecode.swift; path = ViewController.swift; sourceTree = "<group>"; };
		D60B3DB91E6D71DC0087D9B0 /* Base */ = {isa = PBXFileReference; lastKnownFileType = file.storyboard; name = Base; path = Base.lproj/Main.storyboard; sourceTree = "<group>"; };
		D60B3DBC1E6D71DC0087D9B0 /* FriendTime.xcdatamodel */ = {isa = PBXFileReference; lastKnownFileType = wrapper.xcdatamodel; path = FriendTime.xcdatamodel; sourceTree = "<group>"; };
		D60B3DBE1E6D71DC0087D9B0 /* Assets.xcassets */ = {isa = PBXFileReference; lastKnownFileType = folder.assetcatalog; path = Assets.xcassets; sourceTree = "<group>"; };
		D60B3DC11E6D71DC0087D9B0 /* Base */ = {isa = PBXFileReference; lastKnownFileType = file.storyboard; name = Base; path = Base.lproj/LaunchScreen.storyboard; sourceTree = "<group>"; };
		D60B3DC31E6D71DC0087D9B0 /* Info.plist */ = {isa = PBXFileReference; lastKnownFileType = text.plist.xml; path = Info.plist; sourceTree = "<group>"; };
		D60B3DD11E6D91010087D9B0 /* AddFriendViewController.swift */ = {isa = PBXFileReference; fileEncoding = 4; lastKnownFileType = sourcecode.swift; path = AddFriendViewController.swift; sourceTree = "<group>"; };
		D60B3E201E72FA580087D9B0 /* DatabaseController.swift */ = {isa = PBXFileReference; fileEncoding = 4; lastKnownFileType = sourcecode.swift; name = DatabaseController.swift; path = FriendTime/DatabaseController.swift; sourceTree = "<group>"; };
		D60B3E3D1E730C0F0087D9B0 /* Meeting.swift */ = {isa = PBXFileReference; fileEncoding = 4; lastKnownFileType = sourcecode.swift; path = Meeting.swift; sourceTree = "<group>"; };
		D60B3E3E1E730C0F0087D9B0 /* Meeting+CoreDataProperties.swift */ = {isa = PBXFileReference; fileEncoding = 4; lastKnownFileType = sourcecode.swift; path = "Meeting+CoreDataProperties.swift"; sourceTree = "<group>"; };
		D60B3E481E730D800087D9B0 /* Friend.swift */ = {isa = PBXFileReference; fileEncoding = 4; lastKnownFileType = sourcecode.swift; path = Friend.swift; sourceTree = "<group>"; };
		D60B3E4C1E76E2930087D9B0 /* CustomTableViewCell.swift */ = {isa = PBXFileReference; fileEncoding = 4; lastKnownFileType = sourcecode.swift; name = CustomTableViewCell.swift; path = FriendTime/CustomTableViewCell.swift; sourceTree = "<group>"; };
		D60B3E4E1E76E3770087D9B0 /* TableViewController.swift */ = {isa = PBXFileReference; fileEncoding = 4; lastKnownFileType = sourcecode.swift; path = TableViewController.swift; sourceTree = "<group>"; };
		D60B3E501E76EE320087D9B0 /* CameraController.swift */ = {isa = PBXFileReference; fileEncoding = 4; lastKnownFileType = sourcecode.swift; name = CameraController.swift; path = FriendTime/CameraController.swift; sourceTree = "<group>"; };
		D60B3E621E7983150087D9B0 /* FriendViewController.swift */ = {isa = PBXFileReference; fileEncoding = 4; lastKnownFileType = sourcecode.swift; path = FriendViewController.swift; sourceTree = "<group>"; };
		D60B3E681E7987480087D9B0 /* Friend+CoreDataProperties.swift */ = {isa = PBXFileReference; fileEncoding = 4; lastKnownFileType = sourcecode.swift; path = "Friend+CoreDataProperties.swift"; sourceTree = "<group>"; };
		D60B3E6A1E7987F10087D9B0 /* TimerHelper.swift */ = {isa = PBXFileReference; fileEncoding = 4; lastKnownFileType = sourcecode.swift; path = TimerHelper.swift; sourceTree = "<group>"; };
/* End PBXFileReference section */

/* Begin PBXFrameworksBuildPhase section */
		D60B3DAE1E6D71DC0087D9B0 /* Frameworks */ = {
			isa = PBXFrameworksBuildPhase;
			buildActionMask = 2147483647;
			files = (
			);
			runOnlyForDeploymentPostprocessing = 0;
		};
/* End PBXFrameworksBuildPhase section */

/* Begin PBXGroup section */
		D60B3DA81E6D71DC0087D9B0 = {
			isa = PBXGroup;
			children = (
				D60B3DB31E6D71DC0087D9B0 /* FriendTime */,
				D60B3DB21E6D71DC0087D9B0 /* Products */,
			);
			sourceTree = "<group>";
		};
		D60B3DB21E6D71DC0087D9B0 /* Products */ = {
			isa = PBXGroup;
			children = (
				D60B3DB11E6D71DC0087D9B0 /* Paltime.app */,
			);
			name = Products;
			sourceTree = "<group>";
		};
		D60B3DB31E6D71DC0087D9B0 /* FriendTime */ = {
			isa = PBXGroup;
			children = (
				D60B3E431E730C680087D9B0 /* Model */,
				D60B3DC91E6D727F0087D9B0 /* Support Files */,
				D60B3DD01E6D90E20087D9B0 /* ViewControllers */,
				D60B3DB81E6D71DC0087D9B0 /* Main.storyboard */,
				D60B3DC01E6D71DC0087D9B0 /* LaunchScreen.storyboard */,
				D60B3DBB1E6D71DC0087D9B0 /* FriendTime.xcdatamodeld */,
			);
			path = FriendTime;
			sourceTree = "<group>";
		};
		D60B3DC91E6D727F0087D9B0 /* Support Files */ = {
			isa = PBXGroup;
			children = (
				D60B3DB41E6D71DC0087D9B0 /* AppDelegate.swift */,
				D60B3DBE1E6D71DC0087D9B0 /* Assets.xcassets */,
				D60B3DC31E6D71DC0087D9B0 /* Info.plist */,
			);
			name = "Support Files";
			sourceTree = "<group>";
		};
		D60B3DD01E6D90E20087D9B0 /* ViewControllers */ = {
			isa = PBXGroup;
			children = (
				D60B3DB61E6D71DC0087D9B0 /* ViewController.swift */,
				D60B3DD11E6D91010087D9B0 /* AddFriendViewController.swift */,
				D60B3E4E1E76E3770087D9B0 /* TableViewController.swift */,
				D60B3E621E7983150087D9B0 /* FriendViewController.swift */,
			);
			name = ViewControllers;
			sourceTree = "<group>";
		};
		D60B3E431E730C680087D9B0 /* Model */ = {
			isa = PBXGroup;
			children = (
				D60B3E481E730D800087D9B0 /* Friend.swift */,
				D60B3E3D1E730C0F0087D9B0 /* Meeting.swift */,
				D60B3E681E7987480087D9B0 /* Friend+CoreDataProperties.swift */,
				D60B3E3E1E730C0F0087D9B0 /* Meeting+CoreDataProperties.swift */,
				D60B3E4C1E76E2930087D9B0 /* CustomTableViewCell.swift */,
				D60B3E6A1E7987F10087D9B0 /* TimerHelper.swift */,
				D60B3E501E76EE320087D9B0 /* CameraController.swift */,
				D60B3E201E72FA580087D9B0 /* DatabaseController.swift */,
			);
			name = Model;
			path = ..;
			sourceTree = "<group>";
		};
/* End PBXGroup section */

/* Begin PBXNativeTarget section */
		D60B3DB01E6D71DC0087D9B0 /* Paltime */ = {
			isa = PBXNativeTarget;
			buildConfigurationList = D60B3DC61E6D71DC0087D9B0 /* Build configuration list for PBXNativeTarget "Paltime" */;
			buildPhases = (
				D60B3DAD1E6D71DC0087D9B0 /* Sources */,
				D60B3DAE1E6D71DC0087D9B0 /* Frameworks */,
				D60B3DAF1E6D71DC0087D9B0 /* Resources */,
			);
			buildRules = (
			);
			dependencies = (
			);
			name = Paltime;
			productName = FriendTime;
			productReference = D60B3DB11E6D71DC0087D9B0 /* Paltime.app */;
			productType = "com.apple.product-type.application";
		};
/* End PBXNativeTarget section */

/* Begin PBXProject section */
		D60B3DA91E6D71DC0087D9B0 /* Project object */ = {
			isa = PBXProject;
			attributes = {
				LastSwiftUpdateCheck = 0820;
				LastUpgradeCheck = 0820;
				ORGANIZATIONNAME = "Jakob Haglöf";
				TargetAttributes = {
					D60B3DB01E6D71DC0087D9B0 = {
						CreatedOnToolsVersion = 8.2.1;
						DevelopmentTeam = 4DTHL7NQC3;
						ProvisioningStyle = Automatic;
					};
				};
			};
			buildConfigurationList = D60B3DAC1E6D71DC0087D9B0 /* Build configuration list for PBXProject "Paltime" */;
			compatibilityVersion = "Xcode 3.2";
			developmentRegion = English;
			hasScannedForEncodings = 0;
			knownRegions = (
				en,
				Base,
			);
			mainGroup = D60B3DA81E6D71DC0087D9B0;
			productRefGroup = D60B3DB21E6D71DC0087D9B0 /* Products */;
			projectDirPath = "";
			projectRoot = "";
			targets = (
				D60B3DB01E6D71DC0087D9B0 /* Paltime */,
			);
		};
/* End PBXProject section */

/* Begin PBXResourcesBuildPhase section */
		D60B3DAF1E6D71DC0087D9B0 /* Resources */ = {
			isa = PBXResourcesBuildPhase;
			buildActionMask = 2147483647;
			files = (
				D60B3DC21E6D71DC0087D9B0 /* LaunchScreen.storyboard in Resources */,
				D60B3DBF1E6D71DC0087D9B0 /* Assets.xcassets in Resources */,
				D60B3DBA1E6D71DC0087D9B0 /* Main.storyboard in Resources */,
			);
			runOnlyForDeploymentPostprocessing = 0;
		};
/* End PBXResourcesBuildPhase section */

/* Begin PBXSourcesBuildPhase section */
		D60B3DAD1E6D71DC0087D9B0 /* Sources */ = {
			isa = PBXSourcesBuildPhase;
			buildActionMask = 2147483647;
			files = (
				D60B3DD21E6D91010087D9B0 /* AddFriendViewController.swift in Sources */,
				D60B3E4A1E730D800087D9B0 /* Friend.swift in Sources */,
				D60B3E631E7983150087D9B0 /* FriendViewController.swift in Sources */,
				D60B3DB71E6D71DC0087D9B0 /* ViewController.swift in Sources */,
				D60B3E411E730C0F0087D9B0 /* Meeting.swift in Sources */,
				D60B3E691E7987480087D9B0 /* Friend+CoreDataProperties.swift in Sources */,
				D60B3DB51E6D71DC0087D9B0 /* AppDelegate.swift in Sources */,
				D60B3E511E76EE320087D9B0 /* CameraController.swift in Sources */,
				D60B3E4F1E76E3770087D9B0 /* TableViewController.swift in Sources */,
				D60B3E4D1E76E2930087D9B0 /* CustomTableViewCell.swift in Sources */,
				D60B3E421E730C0F0087D9B0 /* Meeting+CoreDataProperties.swift in Sources */,
				D60B3E6B1E7987F10087D9B0 /* TimerHelper.swift in Sources */,
				D60B3DBD1E6D71DC0087D9B0 /* FriendTime.xcdatamodeld in Sources */,
				D60B3E211E72FA580087D9B0 /* DatabaseController.swift in Sources */,
			);
			runOnlyForDeploymentPostprocessing = 0;
		};
/* End PBXSourcesBuildPhase section */

/* Begin PBXVariantGroup section */
		D60B3DB81E6D71DC0087D9B0 /* Main.storyboard */ = {
			isa = PBXVariantGroup;
			children = (
				D60B3DB91E6D71DC0087D9B0 /* Base */,
			);
			name = Main.storyboard;
			sourceTree = "<group>";
		};
		D60B3DC01E6D71DC0087D9B0 /* LaunchScreen.storyboard */ = {
			isa = PBXVariantGroup;
			children = (
				D60B3DC11E6D71DC0087D9B0 /* Base */,
			);
			name = LaunchScreen.storyboard;
			sourceTree = "<group>";
		};
/* End PBXVariantGroup section */

/* Begin XCBuildConfiguration section */
		D60B3DC41E6D71DC0087D9B0 /* Debug */ = {
			isa = XCBuildConfiguration;
			buildSettings = {
				ALWAYS_SEARCH_USER_PATHS = NO;
				CLANG_ANALYZER_NONNULL = YES;
				CLANG_CXX_LANGUAGE_STANDARD = "gnu++0x";
				CLANG_CXX_LIBRARY = "libc++";
				CLANG_ENABLE_MODULES = YES;
				CLANG_ENABLE_OBJC_ARC = YES;
				CLANG_WARN_BOOL_CONVERSION = YES;
				CLANG_WARN_CONSTANT_CONVERSION = YES;
				CLANG_WARN_DIRECT_OBJC_ISA_USAGE = YES_ERROR;
				CLANG_WARN_DOCUMENTATION_COMMENTS = YES;
				CLANG_WARN_EMPTY_BODY = YES;
				CLANG_WARN_ENUM_CONVERSION = YES;
				CLANG_WARN_INFINITE_RECURSION = YES;
				CLANG_WARN_INT_CONVERSION = YES;
				CLANG_WARN_OBJC_ROOT_CLASS = YES_ERROR;
				CLANG_WARN_SUSPICIOUS_MOVE = YES;
				CLANG_WARN_UNREACHABLE_CODE = YES;
				CLANG_WARN__DUPLICATE_METHOD_MATCH = YES;
				"CODE_SIGN_IDENTITY[sdk=iphoneos*]" = "iPhone Developer";
				COPY_PHASE_STRIP = NO;
				DEBUG_INFORMATION_FORMAT = dwarf;
				ENABLE_STRICT_OBJC_MSGSEND = YES;
				ENABLE_TESTABILITY = YES;
				GCC_C_LANGUAGE_STANDARD = gnu99;
				GCC_DYNAMIC_NO_PIC = NO;
				GCC_NO_COMMON_BLOCKS = YES;
				GCC_OPTIMIZATION_LEVEL = 0;
				GCC_PREPROCESSOR_DEFINITIONS = (
					"DEBUG=1",
					"$(inherited)",
				);
				GCC_WARN_64_TO_32_BIT_CONVERSION = YES;
				GCC_WARN_ABOUT_RETURN_TYPE = YES_ERROR;
				GCC_WARN_UNDECLARED_SELECTOR = YES;
				GCC_WARN_UNINITIALIZED_AUTOS = YES_AGGRESSIVE;
				GCC_WARN_UNUSED_FUNCTION = YES;
				GCC_WARN_UNUSED_VARIABLE = YES;
				IPHONEOS_DEPLOYMENT_TARGET = 10.2;
				MTL_ENABLE_DEBUG_INFO = YES;
				ONLY_ACTIVE_ARCH = YES;
				SDKROOT = iphoneos;
				SWIFT_ACTIVE_COMPILATION_CONDITIONS = DEBUG;
				SWIFT_OPTIMIZATION_LEVEL = "-Onone";
			};
			name = Debug;
		};
		D60B3DC51E6D71DC0087D9B0 /* Release */ = {
			isa = XCBuildConfiguration;
			buildSettings = {
				ALWAYS_SEARCH_USER_PATHS = NO;
				CLANG_ANALYZER_NONNULL = YES;
				CLANG_CXX_LANGUAGE_STANDARD = "gnu++0x";
				CLANG_CXX_LIBRARY = "libc++";
				CLANG_ENABLE_MODULES = YES;
				CLANG_ENABLE_OBJC_ARC = YES;
				CLANG_WARN_BOOL_CONVERSION = YES;
				CLANG_WARN_CONSTANT_CONVERSION = YES;
				CLANG_WARN_DIRECT_OBJC_ISA_USAGE = YES_ERROR;
				CLANG_WARN_DOCUMENTATION_COMMENTS = YES;
				CLANG_WARN_EMPTY_BODY = YES;
				CLANG_WARN_ENUM_CONVERSION = YES;
				CLANG_WARN_INFINITE_RECURSION = YES;
				CLANG_WARN_INT_CONVERSION = YES;
				CLANG_WARN_OBJC_ROOT_CLASS = YES_ERROR;
				CLANG_WARN_SUSPICIOUS_MOVE = YES;
				CLANG_WARN_UNREACHABLE_CODE = YES;
				CLANG_WARN__DUPLICATE_METHOD_MATCH = YES;
				"CODE_SIGN_IDENTITY[sdk=iphoneos*]" = "iPhone Developer";
				COPY_PHASE_STRIP = NO;
				DEBUG_INFORMATION_FORMAT = "dwarf-with-dsym";
				ENABLE_NS_ASSERTIONS = NO;
				ENABLE_STRICT_OBJC_MSGSEND = YES;
				GCC_C_LANGUAGE_STANDARD = gnu99;
				GCC_NO_COMMON_BLOCKS = YES;
				GCC_WARN_64_TO_32_BIT_CONVERSION = YES;
				GCC_WARN_ABOUT_RETURN_TYPE = YES_ERROR;
				GCC_WARN_UNDECLARED_SELECTOR = YES;
				GCC_WARN_UNINITIALIZED_AUTOS = YES_AGGRESSIVE;
				GCC_WARN_UNUSED_FUNCTION = YES;
				GCC_WARN_UNUSED_VARIABLE = YES;
				IPHONEOS_DEPLOYMENT_TARGET = 10.2;
				MTL_ENABLE_DEBUG_INFO = NO;
				SDKROOT = iphoneos;
				SWIFT_OPTIMIZATION_LEVEL = "-Owholemodule";
				VALIDATE_PRODUCT = YES;
			};
			name = Release;
		};
		D60B3DC71E6D71DC0087D9B0 /* Debug */ = {
			isa = XCBuildConfiguration;
			buildSettings = {
				ASSETCATALOG_COMPILER_APPICON_NAME = AppIcon;
				DEVELOPMENT_TEAM = 4DTHL7NQC3;
				INFOPLIST_FILE = FriendTime/Info.plist;
				LD_RUNPATH_SEARCH_PATHS = "$(inherited) @executable_path/Frameworks";
				PRODUCT_BUNDLE_IDENTIFIER = J.H.FriendTime;
				PRODUCT_NAME = "$(TARGET_NAME)";
				SWIFT_VERSION = 3.0;
			};
			name = Debug;
		};
		D60B3DC81E6D71DC0087D9B0 /* Release */ = {
			isa = XCBuildConfiguration;
			buildSettings = {
				ASSETCATALOG_COMPILER_APPICON_NAME = AppIcon;
				DEVELOPMENT_TEAM = 4DTHL7NQC3;
				INFOPLIST_FILE = FriendTime/Info.plist;
				LD_RUNPATH_SEARCH_PATHS = "$(inherited) @executable_path/Frameworks";
				PRODUCT_BUNDLE_IDENTIFIER = J.H.FriendTime;
				PRODUCT_NAME = "$(TARGET_NAME)";
				SWIFT_VERSION = 3.0;
			};
			name = Release;
		};
/* End XCBuildConfiguration section */

/* Begin XCConfigurationList section */
		D60B3DAC1E6D71DC0087D9B0 /* Build configuration list for PBXProject "Paltime" */ = {
			isa = XCConfigurationList;
			buildConfigurations = (
				D60B3DC41E6D71DC0087D9B0 /* Debug */,
				D60B3DC51E6D71DC0087D9B0 /* Release */,
			);
			defaultConfigurationIsVisible = 0;
			defaultConfigurationName = Release;
		};
		D60B3DC61E6D71DC0087D9B0 /* Build configuration list for PBXNativeTarget "Paltime" */ = {
			isa = XCConfigurationList;
			buildConfigurations = (
				D60B3DC71E6D71DC0087D9B0 /* Debug */,
				D60B3DC81E6D71DC0087D9B0 /* Release */,
			);
			defaultConfigurationIsVisible = 0;
			defaultConfigurationName = Release;
		};
/* End XCConfigurationList section */

/* Begin XCVersionGroup section */
		D60B3DBB1E6D71DC0087D9B0 /* FriendTime.xcdatamodeld */ = {
			isa = XCVersionGroup;
			children = (
				D60B3DBC1E6D71DC0087D9B0 /* FriendTime.xcdatamodel */,
			);
			currentVersion = D60B3DBC1E6D71DC0087D9B0 /* FriendTime.xcdatamodel */;
			path = FriendTime.xcdatamodeld;
			sourceTree = "<group>";
			versionGroupType = wrapper.xcdatamodel;
		};
/* End XCVersionGroup section */
	};
	rootObject = D60B3DA91E6D71DC0087D9B0 /* Project object */;
}
